
Microsoft Visual Studio Solution File, Format Version 12.00
# Visual Studio Version 17
VisualStudioVersion = 17.8.34330.188
MinimumVisualStudioVersion = 10.0.40219.1
Project("{FAE04EC0-301F-11D3-BF4B-00C04F79EFBC}") = "DVTElevatorChallenge", "DVTElevatorChallenge\DVTElevatorChallenge.csproj", "{C328E8A6-B6CC-47A7-A886-1DEC0226FCC1}"
EndProject
Global
	GlobalSection(SolutionConfigurationPlatforms) = preSolution
		Debug|Any CPU = Debug|Any CPU
		Release|Any CPU = Release|Any CPU
	EndGlobalSection
	GlobalSection(ProjectConfigurationPlatforms) = postSolution
		{C328E8A6-B6CC-47A7-A886-1DEC0226FCC1}.Debug|Any CPU.ActiveCfg = Debug|Any CPU
		{C328E8A6-B6CC-47A7-A886-1DEC0226FCC1}.Debug|Any CPU.Build.0 = Debug|Any CPU
		{C328E8A6-B6CC-47A7-A886-1DEC0226FCC1}.Release|Any CPU.ActiveCfg = Release|Any CPU
		{C328E8A6-B6CC-47A7-A886-1DEC0226FCC1}.Release|Any CPU.Build.0 = Release|Any CPU
	EndGlobalSection
	GlobalSection(SolutionProperties) = preSolution
		HideSolutionNode = FALSE
	EndGlobalSection
	GlobalSection(ExtensibilityGlobals) = postSolution
		SolutionGuid = {3A54F869-A001-4238-B02A-B7B088D3DB5F}
	EndGlobalSection
EndGlobal
